{
  "nodes": {
    "nixpkgs": {
      "locked": {
        "lastModified": 1773353462,
        "narHash": "sha256-LmlmQWWeKJi5k0NmgU/yz2IxsRiY+butOoXt9MyFVhM=",
        "owner": "NixOS",
        "repo": "nixpkgs",
        "rev": "24f4544180242cd80bb2492ce6907243bc716e08",
        "type": "github"
      },
      "original": {
        "owner": "NixOS",
        "ref": "nixpkgs-unstable",
        "repo": "nixpkgs",
        "type": "github"
      }
    },
    "root": {
      "inputs": {
        "nixpkgs": "nixpkgs"
      }
    }
  },
  "root": "root",
  "version": 7
}
